
Microsoft Visual Studio Solution File, Format Version 12.00
Project("{FAE04EC0-301F-11D3-BF4B-00C04F79EFBC}") = "avaloniatrae20260108", "avaloniatrae20260108\avaloniatrae20260108.csproj", "{A380220D-48A7-4D02-82A0-B58D8F597157}"
EndProject
Global
	GlobalSection(SolutionConfigurationPlatforms) = preSolution
		Debug|Any CPU = Debug|Any CPU
		Release|Any CPU = Release|Any CPU
	EndGlobalSection
	GlobalSection(ProjectConfigurationPlatforms) = postSolution
		{A380220D-48A7-4D02-82A0-B58D8F597157}.Debug|Any CPU.ActiveCfg = Debug|Any CPU
		{A380220D-48A7-4D02-82A0-B58D8F597157}.Debug|Any CPU.Build.0 = Debug|Any CPU
		{A380220D-48A7-4D02-82A0-B58D8F597157}.Release|Any CPU.ActiveCfg = Release|Any CPU
		{A380220D-48A7-4D02-82A0-B58D8F597157}.Release|Any CPU.Build.0 = Release|Any CPU
	EndGlobalSection
EndGlobal
